# This file is autogenerated, do not edit; changes may be undone by the next 'dep ensure'.


[[projects]]
  branch = "master"
  name = "github.com/notnil/chess"
  packages = ["."]
  revision = "e7f43cbaadede59073472bf601c689290740602e"

[[projects]]
  branch = "master"
  name = "golang.org/x/net"
  packages = ["websocket"]
  revision = "fe3aa8a4527195a6057b3fad46619d7d090e99b5"

[solve-meta]
  analyzer-name = "dep"
  analyzer-version = 1
  inputs-digest = "291c31f044957a5beab7c119812fb1ec3e997a73c9510875de5b555c48a6ebec"
  solver-name = "gps-cdcl"
  solver-version = 1
