# This file is autogenerated, do not edit; changes may be undone by the next 'dep ensure'.


[[projects]]
  branch = "master"
  name = "github.com/notnil/chess"
  packages = ["."]
  revision = "3c94dbc3873f3eba4bfe7d7edeaa5de5f0884ad8"

[solve-meta]
  analyzer-name = "dep"
  analyzer-version = 1
  inputs-digest = "6159ec801dbb1a616c6a1c6586f2f1b4564aa3696badcaece34851189dd0ebce"
  solver-name = "gps-cdcl"
  solver-version = 1
